
Microsoft Visual Studio Solution File, Format Version 12.00
# Visual Studio Version 17
VisualStudioVersion = 17.3.32901.215
MinimumVisualStudioVersion = 10.0.40219.1
Project("{FAE04EC0-301F-11D3-BF4B-00C04F79EFBC}") = "homework5", "homework5\homework5.csproj", "{333BAE5A-7C3A-4F84-930D-AC57ACF52F90}"
EndProject
Global
	GlobalSection(SolutionConfigurationPlatforms) = preSolution
		Debug|Any CPU = Debug|Any CPU
		Release|Any CPU = Release|Any CPU
	EndGlobalSection
	GlobalSection(ProjectConfigurationPlatforms) = postSolution
		{333BAE5A-7C3A-4F84-930D-AC57ACF52F90}.Debug|Any CPU.ActiveCfg = Debug|Any CPU
		{333BAE5A-7C3A-4F84-930D-AC57ACF52F90}.Debug|Any CPU.Build.0 = Debug|Any CPU
		{333BAE5A-7C3A-4F84-930D-AC57ACF52F90}.Release|Any CPU.ActiveCfg = Release|Any CPU
		{333BAE5A-7C3A-4F84-930D-AC57ACF52F90}.Release|Any CPU.Build.0 = Release|Any CPU
	EndGlobalSection
	GlobalSection(SolutionProperties) = preSolution
		HideSolutionNode = FALSE
	EndGlobalSection
	GlobalSection(ExtensibilityGlobals) = postSolution
		SolutionGuid = {C32797D4-6765-4D29-BBCA-8119C0216090}
	EndGlobalSection
EndGlobal
